
Microsoft Visual Studio Solution File, Format Version 12.00
# Visual Studio 15
VisualStudioVersion = 15.0.26124.0
MinimumVisualStudioVersion = 15.0.26124.0
Project("{2150E333-8FDC-42A3-9474-1A3956D46DE8}") = "Day1", "Day1", "{3860C5F1-6752-42BC-AF9D-6A1CE48A3E0E}"
EndProject
Project("{9A19103F-16F7-4668-BE54-9A1E7A4F7556}") = "Day1", "Day1\Day1.csproj", "{618D3175-5F25-4123-9D34-EE50D5AF2BD0}"
EndProject
Project("{9A19103F-16F7-4668-BE54-9A1E7A4F7556}") = "Day2", "Day2\Day2.csproj", "{375FF84F-F3C7-41E1-AA56-701235776145}"
EndProject
Project("{9A19103F-16F7-4668-BE54-9A1E7A4F7556}") = "Day3", "Day3\Day3.csproj", "{5C823807-1683-4066-B229-0EDD09FF5472}"
EndProject
Project("{9A19103F-16F7-4668-BE54-9A1E7A4F7556}") = "Day4", "Day4\Day4.csproj", "{DFCAC4EB-F79A-4ADF-AE68-72C8A0F0474A}"
EndProject
Project("{FAE04EC0-301F-11D3-BF4B-00C04F79EFBC}") = "Day5", "Day5\Day5.csproj", "{6F160DCC-D35B-4FC1-AA87-27C2290E28A6}"
EndProject
Global
	GlobalSection(SolutionConfigurationPlatforms) = preSolution
		Debug|Any CPU = Debug|Any CPU
		Debug|x64 = Debug|x64
		Debug|x86 = Debug|x86
		Release|Any CPU = Release|Any CPU
		Release|x64 = Release|x64
		Release|x86 = Release|x86
	EndGlobalSection
	GlobalSection(ProjectConfigurationPlatforms) = postSolution
		{618D3175-5F25-4123-9D34-EE50D5AF2BD0}.Debug|Any CPU.ActiveCfg = Debug|Any CPU
		{618D3175-5F25-4123-9D34-EE50D5AF2BD0}.Debug|Any CPU.Build.0 = Debug|Any CPU
		{618D3175-5F25-4123-9D34-EE50D5AF2BD0}.Debug|x64.ActiveCfg = Debug|Any CPU
		{618D3175-5F25-4123-9D34-EE50D5AF2BD0}.Debug|x64.Build.0 = Debug|Any CPU
		{618D3175-5F25-4123-9D34-EE50D5AF2BD0}.Debug|x86.ActiveCfg = Debug|Any CPU
		{618D3175-5F25-4123-9D34-EE50D5AF2BD0}.Debug|x86.Build.0 = Debug|Any CPU
		{618D3175-5F25-4123-9D34-EE50D5AF2BD0}.Release|Any CPU.ActiveCfg = Release|Any CPU
		{618D3175-5F25-4123-9D34-EE50D5AF2BD0}.Release|Any CPU.Build.0 = Release|Any CPU
		{618D3175-5F25-4123-9D34-EE50D5AF2BD0}.Release|x64.ActiveCfg = Release|Any CPU
		{618D3175-5F25-4123-9D34-EE50D5AF2BD0}.Release|x64.Build.0 = Release|Any CPU
		{618D3175-5F25-4123-9D34-EE50D5AF2BD0}.Release|x86.ActiveCfg = Release|Any CPU
		{618D3175-5F25-4123-9D34-EE50D5AF2BD0}.Release|x86.Build.0 = Release|Any CPU
		{375FF84F-F3C7-41E1-AA56-701235776145}.Debug|Any CPU.ActiveCfg = Debug|Any CPU
		{375FF84F-F3C7-41E1-AA56-701235776145}.Debug|Any CPU.Build.0 = Debug|Any CPU
		{375FF84F-F3C7-41E1-AA56-701235776145}.Debug|x64.ActiveCfg = Debug|Any CPU
		{375FF84F-F3C7-41E1-AA56-701235776145}.Debug|x64.Build.0 = Debug|Any CPU
		{375FF84F-F3C7-41E1-AA56-701235776145}.Debug|x86.ActiveCfg = Debug|Any CPU
		{375FF84F-F3C7-41E1-AA56-701235776145}.Debug|x86.Build.0 = Debug|Any CPU
		{375FF84F-F3C7-41E1-AA56-701235776145}.Release|Any CPU.ActiveCfg = Release|Any CPU
		{375FF84F-F3C7-41E1-AA56-701235776145}.Release|Any CPU.Build.0 = Release|Any CPU
		{375FF84F-F3C7-41E1-AA56-701235776145}.Release|x64.ActiveCfg = Release|Any CPU
		{375FF84F-F3C7-41E1-AA56-701235776145}.Release|x64.Build.0 = Release|Any CPU
		{375FF84F-F3C7-41E1-AA56-701235776145}.Release|x86.ActiveCfg = Release|Any CPU
		{375FF84F-F3C7-41E1-AA56-701235776145}.Release|x86.Build.0 = Release|Any CPU
		{5C823807-1683-4066-B229-0EDD09FF5472}.Debug|Any CPU.ActiveCfg = Debug|Any CPU
		{5C823807-1683-4066-B229-0EDD09FF5472}.Debug|Any CPU.Build.0 = Debug|Any CPU
		{5C823807-1683-4066-B229-0EDD09FF5472}.Debug|x64.ActiveCfg = Debug|Any CPU
		{5C823807-1683-4066-B229-0EDD09FF5472}.Debug|x64.Build.0 = Debug|Any CPU
		{5C823807-1683-4066-B229-0EDD09FF5472}.Debug|x86.ActiveCfg = Debug|Any CPU
		{5C823807-1683-4066-B229-0EDD09FF5472}.Debug|x86.Build.0 = Debug|Any CPU
		{5C823807-1683-4066-B229-0EDD09FF5472}.Release|Any CPU.ActiveCfg = Release|Any CPU
		{5C823807-1683-4066-B229-0EDD09FF5472}.Release|Any CPU.Build.0 = Release|Any CPU
		{5C823807-1683-4066-B229-0EDD09FF5472}.Release|x64.ActiveCfg = Release|Any CPU
		{5C823807-1683-4066-B229-0EDD09FF5472}.Release|x64.Build.0 = Release|Any CPU
		{5C823807-1683-4066-B229-0EDD09FF5472}.Release|x86.ActiveCfg = Release|Any CPU
		{5C823807-1683-4066-B229-0EDD09FF5472}.Release|x86.Build.0 = Release|Any CPU
		{DFCAC4EB-F79A-4ADF-AE68-72C8A0F0474A}.Debug|Any CPU.ActiveCfg = Debug|Any CPU
		{DFCAC4EB-F79A-4ADF-AE68-72C8A0F0474A}.Debug|Any CPU.Build.0 = Debug|Any CPU
		{DFCAC4EB-F79A-4ADF-AE68-72C8A0F0474A}.Debug|x64.ActiveCfg = Debug|Any CPU
		{DFCAC4EB-F79A-4ADF-AE68-72C8A0F0474A}.Debug|x64.Build.0 = Debug|Any CPU
		{DFCAC4EB-F79A-4ADF-AE68-72C8A0F0474A}.Debug|x86.ActiveCfg = Debug|Any CPU
		{DFCAC4EB-F79A-4ADF-AE68-72C8A0F0474A}.Debug|x86.Build.0 = Debug|Any CPU
		{DFCAC4EB-F79A-4ADF-AE68-72C8A0F0474A}.Release|Any CPU.ActiveCfg = Release|Any CPU
		{DFCAC4EB-F79A-4ADF-AE68-72C8A0F0474A}.Release|Any CPU.Build.0 = Release|Any CPU
		{DFCAC4EB-F79A-4ADF-AE68-72C8A0F0474A}.Release|x64.ActiveCfg = Release|Any CPU
		{DFCAC4EB-F79A-4ADF-AE68-72C8A0F0474A}.Release|x64.Build.0 = Release|Any CPU
		{DFCAC4EB-F79A-4ADF-AE68-72C8A0F0474A}.Release|x86.ActiveCfg = Release|Any CPU
		{DFCAC4EB-F79A-4ADF-AE68-72C8A0F0474A}.Release|x86.Build.0 = Release|Any CPU
		{6F160DCC-D35B-4FC1-AA87-27C2290E28A6}.Debug|Any CPU.ActiveCfg = Debug|Any CPU
		{6F160DCC-D35B-4FC1-AA87-27C2290E28A6}.Debug|Any CPU.Build.0 = Debug|Any CPU
		{6F160DCC-D35B-4FC1-AA87-27C2290E28A6}.Debug|x64.ActiveCfg = Debug|Any CPU
		{6F160DCC-D35B-4FC1-AA87-27C2290E28A6}.Debug|x64.Build.0 = Debug|Any CPU
		{6F160DCC-D35B-4FC1-AA87-27C2290E28A6}.Debug|x86.ActiveCfg = Debug|Any CPU
		{6F160DCC-D35B-4FC1-AA87-27C2290E28A6}.Debug|x86.Build.0 = Debug|Any CPU
		{6F160DCC-D35B-4FC1-AA87-27C2290E28A6}.Release|Any CPU.ActiveCfg = Release|Any CPU
		{6F160DCC-D35B-4FC1-AA87-27C2290E28A6}.Release|Any CPU.Build.0 = Release|Any CPU
		{6F160DCC-D35B-4FC1-AA87-27C2290E28A6}.Release|x64.ActiveCfg = Release|Any CPU
		{6F160DCC-D35B-4FC1-AA87-27C2290E28A6}.Release|x64.Build.0 = Release|Any CPU
		{6F160DCC-D35B-4FC1-AA87-27C2290E28A6}.Release|x86.ActiveCfg = Release|Any CPU
		{6F160DCC-D35B-4FC1-AA87-27C2290E28A6}.Release|x86.Build.0 = Release|Any CPU
	EndGlobalSection
	GlobalSection(SolutionProperties) = preSolution
		HideSolutionNode = FALSE
	EndGlobalSection
	GlobalSection(NestedProjects) = preSolution
		{618D3175-5F25-4123-9D34-EE50D5AF2BD0} = {3860C5F1-6752-42BC-AF9D-6A1CE48A3E0E}
	EndGlobalSection
	GlobalSection(ExtensibilityGlobals) = postSolution
		SolutionGuid = {43713BCD-10D3-4330-97CB-03F017706FED}
	EndGlobalSection
EndGlobal
